{
  "lockfile_version": "1",
  "packages": {
    "delve@1.24.2": {
      "last_modified": "2025-05-16T20:19:48Z",
      "resolved": "github:NixOS/nixpkgs/12a55407652e04dcf2309436eb06fef0d3713ef3#delve",
      "source": "devbox-search",
      "version": "1.24.2",
      "systems": {
        "aarch64-darwin": {
          "outputs": [
            {
              "name": "out",
              "path": "/nix/store/fp6cx7dcygy9vbakklzicv3164wb85qq-delve-1.24.2",
              "default": true
            }
          ],
          "store_path": "/nix/store/fp6cx7dcygy9vbakklzicv3164wb85qq-delve-1.24.2"
        },
        "aarch64-linux": {
          "outputs": [
            {
              "name": "out",
              "path": "/nix/store/8aihl9is2ah47k8jcxlp81fn14cvbhyf-delve-1.24.2",
              "default": true
            }
          ],
          "store_path": "/nix/store/8aihl9is2ah47k8jcxlp81fn14cvbhyf-delve-1.24.2"
        },
        "x86_64-darwin": {
          "outputs": [
            {
              "name": "out",
              "path": "/nix/store/vkg8nyz2r8kzbl21q8yrj0b621x9lk5y-delve-1.24.2",
              "default": true
            }
          ],
          "store_path": "/nix/store/vkg8nyz2r8kzbl21q8yrj0b621x9lk5y-delve-1.24.2"
        },
        "x86_64-linux": {
          "outputs": [
            {
              "name": "out",
              "path": "/nix/store/jkx7svr17zvnnc1m736ipi2jnw71w5ii-delve-1.24.2",
              "default": true
            }
          ],
          "store_path": "/nix/store/jkx7svr17zvnnc1m736ipi2jnw71w5ii-delve-1.24.2"
        }
      }
    },
    "dependabot-cli@1.57.0": {
      "last_modified": "2025-03-11T17:52:14Z",
      "resolved": "github:NixOS/nixpkgs/0d534853a55b5d02a4ababa1d71921ce8f0aee4c#dependabot-cli",
      "source": "devbox-search",
      "version": "1.57.0",
      "systems": {
        "aarch64-darwin": {
          "outputs": [
            {
              "name": "out",
              "path": "/nix/store/jsvlfqgdr33j9pd7dkpqmksiskdnkv8x-dependabot-cli-1.57.0",
              "default": true
            }
          ],
          "store_path": "/nix/store/jsvlfqgdr33j9pd7dkpqmksiskdnkv8x-dependabot-cli-1.57.0"
        },
        "aarch64-linux": {
          "outputs": [
            {
              "name": "out",
              "path": "/nix/store/f63rgq7ljd3b0w0d7crk4jihpp61mgmw-dependabot-cli-1.57.0",
              "default": true
            }
          ],
          "store_path": "/nix/store/f63rgq7ljd3b0w0d7crk4jihpp61mgmw-dependabot-cli-1.57.0"
        },
        "x86_64-darwin": {
          "outputs": [
            {
              "name": "out",
              "path": "/nix/store/6w0r4bk12k0r2dcjx5mkp8xh2x5grxkq-dependabot-cli-1.57.0",
              "default": true
            }
          ],
          "store_path": "/nix/store/6w0r4bk12k0r2dcjx5mkp8xh2x5grxkq-dependabot-cli-1.57.0"
        },
        "x86_64-linux": {
          "outputs": [
            {
              "name": "out",
              "path": "/nix/store/04flyrj415ck2i8yl9mz2q59mk4dblyd-dependabot-cli-1.57.0",
              "default": true
            }
          ],
          "store_path": "/nix/store/04flyrj415ck2i8yl9mz2q59mk4dblyd-dependabot-cli-1.57.0"
        }
      }
    },
    "github:NixOS/nixpkgs/nixpkgs-unstable": {
      "resolved": "github:NixOS/nixpkgs/2bfc080955153be0be56724be6fa5477b4eefabb?lastModified=1743689281&narHash=sha256-y7Hg5lwWhEOgflEHRfzSH96BOt26LaYfrYWzZ%2BVoVdg%3D"
    },
    "gnumake@4.4.1": {
      "last_modified": "2025-03-11T17:52:14Z",
      "resolved": "github:NixOS/nixpkgs/0d534853a55b5d02a4ababa1d71921ce8f0aee4c#gnumake",
      "source": "devbox-search",
      "version": "4.4.1",
      "systems": {
        "aarch64-darwin": {
          "outputs": [
            {
              "name": "out",
              "path": "/nix/store/kn5xn5xfwvgxf33nga9q9b3q9qh9vrg3-gnumake-4.4.1",
              "default": true
            },
            {
              "name": "man",
              "path": "/nix/store/q4anl5yx5z19ivc1mxadjs5yqrzgx938-gnumake-4.4.1-man",
              "default": true
            },
            {
              "name": "info",
              "path": "/nix/store/90z024gnvcsail3k8rgqsrzi5g7f9gs6-gnumake-4.4.1-info"
            }
          ],
          "store_path": "/nix/store/kn5xn5xfwvgxf33nga9q9b3q9qh9vrg3-gnumake-4.4.1"
        },
        "aarch64-linux": {
          "outputs": [
            {
              "name": "out",
              "path": "/nix/store/jp96c7glhd39jvym2qxrrqbyjlbn4jg8-gnumake-4.4.1",
              "default": true
            },
            {
              "name": "man",
              "path": "/nix/store/a5lgpaf6b9rm3czp8bv6fw84152rsk08-gnumake-4.4.1-man",
              "default": true
            },
            {
              "name": "debug",
              "path": "/nix/store/yrfbzz0whhvibv18f2zb6a4l671ryrdk-gnumake-4.4.1-debug"
            },
            {
              "name": "info",
              "path": "/nix/store/crfkqwk94z3mvshp5yigwgayxypr7rzr-gnumake-4.4.1-info"
            }
          ],
          "store_path": "/nix/store/jp96c7glhd39jvym2qxrrqbyjlbn4jg8-gnumake-4.4.1"
        },
        "x86_64-darwin": {
          "outputs": [
            {
              "name": "out",
              "path": "/nix/store/ypjw0zax2m05kjli76b2cvk4q1wima19-gnumake-4.4.1",
              "default": true
            },
            {
              "name": "man",
              "path": "/nix/store/w905d9x4smq960d6am8x4zrxsgg52srn-gnumake-4.4.1-man",
              "default": true
            },
            {
              "name": "info",
              "path": "/nix/store/7ac40lsb80xaxpq2pr0cgvc98h0lzixj-gnumake-4.4.1-info"
            }
          ],
          "store_path": "/nix/store/ypjw0zax2m05kjli76b2cvk4q1wima19-gnumake-4.4.1"
        },
        "x86_64-linux": {
          "outputs": [
            {
              "name": "out",
              "path": "/nix/store/k0hhyz6qnj5065vpw15m4r7nbs0mn706-gnumake-4.4.1",
              "default": true
            },
            {
              "name": "man",
              "path": "/nix/store/y87b22iwv64wrfpgyii4gjgbhcfqq0mi-gnumake-4.4.1-man",
              "default": true
            },
            {
              "name": "info",
              "path": "/nix/store/33lvx5blf6ms1b6ynaln49hx1xksypxf-gnumake-4.4.1-info"
            },
            {
              "name": "debug",
              "path": "/nix/store/40rj5d3igp9fb80r4pg3gnkzj338rffa-gnumake-4.4.1-debug"
            }
          ],
          "store_path": "/nix/store/k0hhyz6qnj5065vpw15m4r7nbs0mn706-gnumake-4.4.1"
        }
      }
    },
    "go@1.24.2": {
      "last_modified": "2025-05-12T14:38:58Z",
      "resolved": "github:NixOS/nixpkgs/eaeed9530c76ce5f1d2d8232e08bec5e26f18ec1#go",
      "source": "devbox-search",
      "version": "1.24.2",
      "systems": {
        "aarch64-darwin": {
          "outputs": [
            {
              "name": "out",
              "path": "/nix/store/qyrdf2rqmpn8mvapr009jyrz94x3sljr-go-1.24.2",
              "default": true
            }
          ],
          "store_path": "/nix/store/qyrdf2rqmpn8mvapr009jyrz94x3sljr-go-1.24.2"
        },
        "aarch64-linux": {
          "outputs": [
            {
              "name": "out",
              "path": "/nix/store/kxiwzqk0rg2qfw2n246cgp9p5k46zw72-go-1.24.2",
              "default": true
            }
          ],
          "store_path": "/nix/store/kxiwzqk0rg2qfw2n246cgp9p5k46zw72-go-1.24.2"
        },
        "x86_64-darwin": {
          "outputs": [
            {
              "name": "out",
              "path": "/nix/store/krqcajqwbk9gw825rgzsnpslg3wr2ny6-go-1.24.2",
              "default": true
            }
          ],
          "store_path": "/nix/store/krqcajqwbk9gw825rgzsnpslg3wr2ny6-go-1.24.2"
        },
        "x86_64-linux": {
          "outputs": [
            {
              "name": "out",
              "path": "/nix/store/czwkf2ly24qy4gssd2scmjklp36b3pda-go-1.24.2",
              "default": true
            }
          ],
          "store_path": "/nix/store/czwkf2ly24qy4gssd2scmjklp36b3pda-go-1.24.2"
        }
      }
    },
    "golangci-lint@2.0.0": {
      "last_modified": "2025-03-25T17:32:05Z",
      "resolved": "github:NixOS/nixpkgs/25d1b84f5c90632a623c48d83a2faf156451e6b1#golangci-lint",
      "source": "devbox-search",
      "version": "2.0.0",
      "systems": {
        "aarch64-darwin": {
          "outputs": [
            {
              "name": "out",
              "path": "/nix/store/idv9cyl4i6w9n4sgc29kvqhywm04n1rz-golangci-lint-2.0.0",
              "default": true
            }
          ],
          "store_path": "/nix/store/idv9cyl4i6w9n4sgc29kvqhywm04n1rz-golangci-lint-2.0.0"
        },
        "aarch64-linux": {
          "outputs": [
            {
              "name": "out",
              "path": "/nix/store/r0jxwvqvk2999dx04v3j9jgd46jscqc4-golangci-lint-2.0.0",
              "default": true
            }
          ],
          "store_path": "/nix/store/r0jxwvqvk2999dx04v3j9jgd46jscqc4-golangci-lint-2.0.0"
        },
        "x86_64-darwin": {
          "outputs": [
            {
              "name": "out",
              "path": "/nix/store/lsyy8arab3zvkpi8lr9303mf88y5k1rc-golangci-lint-2.0.0",
              "default": true
            }
          ],
          "store_path": "/nix/store/lsyy8arab3zvkpi8lr9303mf88y5k1rc-golangci-lint-2.0.0"
        },
        "x86_64-linux": {
          "outputs": [
            {
              "name": "out",
              "path": "/nix/store/834gvbmhpwvy1d65r5x4xihkxm4g91ab-golangci-lint-2.0.0",
              "default": true
            }
          ],
          "store_path": "/nix/store/834gvbmhpwvy1d65r5x4xihkxm4g91ab-golangci-lint-2.0.0"
        }
      }
    },
    "gomplate@4.2.0": {
      "last_modified": "2025-03-11T17:52:14Z",
      "resolved": "github:NixOS/nixpkgs/0d534853a55b5d02a4ababa1d71921ce8f0aee4c#gomplate",
      "source": "devbox-search",
      "version": "4.2.0",
      "systems": {
        "aarch64-darwin": {
          "outputs": [
            {
              "name": "out",
              "path": "/nix/store/9as8hlf0rbrv7qys8djcvw5r7dszg6mh-gomplate-4.2.0",
              "default": true
            }
          ],
          "store_path": "/nix/store/9as8hlf0rbrv7qys8djcvw5r7dszg6mh-gomplate-4.2.0"
        },
        "aarch64-linux": {
          "outputs": [
            {
              "name": "out",
              "path": "/nix/store/5i870cnwrs7id5ll735ilyaan78iww7j-gomplate-4.2.0",
              "default": true
            }
          ],
          "store_path": "/nix/store/5i870cnwrs7id5ll735ilyaan78iww7j-gomplate-4.2.0"
        },
        "x86_64-darwin": {
          "outputs": [
            {
              "name": "out",
              "path": "/nix/store/3pjxjk7y3sbps807gqnlbfrn534n8fav-gomplate-4.2.0",
              "default": true
            }
          ],
          "store_path": "/nix/store/3pjxjk7y3sbps807gqnlbfrn534n8fav-gomplate-4.2.0"
        },
        "x86_64-linux": {
          "outputs": [
            {
              "name": "out",
              "path": "/nix/store/apv09q2dqzw4znyn1bwjqz98mrrf1fcd-gomplate-4.2.0",
              "default": true
            }
          ],
          "store_path": "/nix/store/apv09q2dqzw4znyn1bwjqz98mrrf1fcd-gomplate-4.2.0"
        }
      }
    },
    "hadolint@2.12.0": {
      "last_modified": "2025-03-11T17:52:14Z",
      "resolved": "github:NixOS/nixpkgs/0d534853a55b5d02a4ababa1d71921ce8f0aee4c#hadolint",
      "source": "devbox-search",
      "version": "2.12.0",
      "systems": {
        "aarch64-darwin": {
          "outputs": [
            {
              "name": "out",
              "path": "/nix/store/ckwcm65ggb3g6j9bl25d9zrbbjnvk5vg-hadolint-2.12.0",
              "default": true
            },
            {
              "name": "doc",
              "path": "/nix/store/wwh726bysc3lja4qmy4gckvd6lrnq3ib-hadolint-2.12.0-doc"
            }
          ],
          "store_path": "/nix/store/ckwcm65ggb3g6j9bl25d9zrbbjnvk5vg-hadolint-2.12.0"
        },
        "aarch64-linux": {
          "outputs": [
            {
              "name": "out",
              "path": "/nix/store/1swlghs9xphljr5bg8np6bnzzb8xwzcz-hadolint-2.12.0",
              "default": true
            }
          ],
          "store_path": "/nix/store/1swlghs9xphljr5bg8np6bnzzb8xwzcz-hadolint-2.12.0"
        },
        "x86_64-darwin": {
          "outputs": [
            {
              "name": "out",
              "path": "/nix/store/18861yxizsa40pipz2j564inav7m3jck-hadolint-2.12.0",
              "default": true
            }
          ],
          "store_path": "/nix/store/18861yxizsa40pipz2j564inav7m3jck-hadolint-2.12.0"
        },
        "x86_64-linux": {
          "outputs": [
            {
              "name": "out",
              "path": "/nix/store/f29af2nbqy2lq526p6w0zvzjdxcfavf3-hadolint-2.12.0",
              "default": true
            }
          ],
          "store_path": "/nix/store/f29af2nbqy2lq526p6w0zvzjdxcfavf3-hadolint-2.12.0"
        }
      }
    }
  }
}
